
Microsoft Visual Studio Solution File, Format Version 12.00
# Visual Studio Version 17
VisualStudioVersion = 17.2.32526.322
MinimumVisualStudioVersion = 10.0.40219.1
Project("{9A19103F-16F7-4668-BE54-9A1E7A4F7556}") = "UI", "TP3\UI.csproj", "{909B4EC1-8F63-44D3-BA6C-A2F5E97D825B}"
EndProject
Project("{9A19103F-16F7-4668-BE54-9A1E7A4F7556}") = "Library", "Library\Library.csproj", "{93A4DEC7-B08E-458F-ABEF-0270AE880A7F}"
EndProject
Project("{FAE04EC0-301F-11D3-BF4B-00C04F79EFBC}") = "UnitTesting", "UnitTesting\UnitTesting.csproj", "{935CDC97-1B1D-4B2F-85A7-DE4C73C35318}"
EndProject
Global
	GlobalSection(SolutionConfigurationPlatforms) = preSolution
		Debug|Any CPU = Debug|Any CPU
		Release|Any CPU = Release|Any CPU
	EndGlobalSection
	GlobalSection(ProjectConfigurationPlatforms) = postSolution
		{909B4EC1-8F63-44D3-BA6C-A2F5E97D825B}.Debug|Any CPU.ActiveCfg = Debug|Any CPU
		{909B4EC1-8F63-44D3-BA6C-A2F5E97D825B}.Debug|Any CPU.Build.0 = Debug|Any CPU
		{909B4EC1-8F63-44D3-BA6C-A2F5E97D825B}.Release|Any CPU.ActiveCfg = Release|Any CPU
		{909B4EC1-8F63-44D3-BA6C-A2F5E97D825B}.Release|Any CPU.Build.0 = Release|Any CPU
		{93A4DEC7-B08E-458F-ABEF-0270AE880A7F}.Debug|Any CPU.ActiveCfg = Debug|Any CPU
		{93A4DEC7-B08E-458F-ABEF-0270AE880A7F}.Debug|Any CPU.Build.0 = Debug|Any CPU
		{93A4DEC7-B08E-458F-ABEF-0270AE880A7F}.Release|Any CPU.ActiveCfg = Release|Any CPU
		{93A4DEC7-B08E-458F-ABEF-0270AE880A7F}.Release|Any CPU.Build.0 = Release|Any CPU
		{935CDC97-1B1D-4B2F-85A7-DE4C73C35318}.Debug|Any CPU.ActiveCfg = Debug|Any CPU
		{935CDC97-1B1D-4B2F-85A7-DE4C73C35318}.Debug|Any CPU.Build.0 = Debug|Any CPU
		{935CDC97-1B1D-4B2F-85A7-DE4C73C35318}.Release|Any CPU.ActiveCfg = Release|Any CPU
		{935CDC97-1B1D-4B2F-85A7-DE4C73C35318}.Release|Any CPU.Build.0 = Release|Any CPU
	EndGlobalSection
	GlobalSection(SolutionProperties) = preSolution
		HideSolutionNode = FALSE
	EndGlobalSection
	GlobalSection(ExtensibilityGlobals) = postSolution
		SolutionGuid = {8935F106-2811-44DE-93F1-E43162A8F49E}
	EndGlobalSection
EndGlobal
